{
  "nodes": {
    "nix-prebuilt": {
      "locked": {
        "lastModified": 1786967191,
        "narHash": "sha256-JgsOSePa3HoiFDTDREnN+Kffk0Syv+n69voogUxsh0I=",
        "owner": "yangtau",
        "repo": "nix-prebuilt",
        "rev": "756d5ac46a92a0414c6bf22128ab25bc0dac515f",
        "type": "github"
      },
      "original": {
        "owner": "yangtau",
        "repo": "nix-prebuilt",
        "type": "github"
      }
    },
    "nixpkgs": {
      "locked": {
        "lastModified": 1780749050,
        "narHash": "sha256-3av0pIjlOWQ6rDbNOmpUSvbNnJkGORQKKjb4LtCZsIY=",
        "owner": "NixOS",
        "repo": "nixpkgs",
        "rev": "a799d3e3886da994fa307f817a6bc705ae538eeb",
        "type": "github"
      },
      "original": {
        "owner": "NixOS",
        "ref": "nixos-unstable",
        "repo": "nixpkgs",
        "type": "github"
      }
    },
    "root": {
      "inputs": {
        "nix-prebuilt": "nix-prebuilt",
        "nixpkgs": "nixpkgs"
      }
    }
  },
  "root": "root",
  "version": 7
}
