{
  "nodes": {
    "nix-rust-prebuilt": {
      "locked": {
        "lastModified": 1786970574,
        "narHash": "sha256-WyMev0ZkZXZp6yToFu3RkyhcDaq+6pmb/PRe/wcP2/U=",
        "owner": "yangtau",
        "repo": "nix-rust-prebuilt",
        "rev": "3719898054bdfc253859b16c063a80f933683c89",
        "type": "github"
      },
      "original": {
        "owner": "yangtau",
        "repo": "nix-rust-prebuilt",
        "type": "github"
      }
    },
    "nixpkgs": {
      "locked": {
        "lastModified": 1780749050,
        "narHash": "sha256-3av0pIjlOWQ6rDbNOmpUSvbNnJkGORQKKjb4LtCZsIY=",
        "owner": "NixOS",
        "repo": "nixpkgs",
        "rev": "a799d3e3886da994fa307f817a6bc705ae538eeb",
        "type": "github"
      },
      "original": {
        "owner": "NixOS",
        "ref": "nixos-unstable",
        "repo": "nixpkgs",
        "type": "github"
      }
    },
    "root": {
      "inputs": {
        "nix-rust-prebuilt": "nix-rust-prebuilt",
        "nixpkgs": "nixpkgs"
      }
    }
  },
  "root": "root",
  "version": 7
}
