{
  "nodes": {
    "nix-prebuilt": {
      "locked": {
        "lastModified": 1786967615,
        "narHash": "sha256-9ZM0R6QGf+ZBwltY/75Lu5s5bKVzS8PIt948MLzVzSw=",
        "owner": "yangtau",
        "repo": "nix-prebuilt",
        "rev": "9821d0d196dccf32b229a7c81fd6b1ac283ecaad",
        "type": "github"
      },
      "original": {
        "owner": "yangtau",
        "repo": "nix-prebuilt",
        "type": "github"
      }
    },
    "nixpkgs": {
      "locked": {
        "lastModified": 1780749050,
        "narHash": "sha256-3av0pIjlOWQ6rDbNOmpUSvbNnJkGORQKKjb4LtCZsIY=",
        "owner": "NixOS",
        "repo": "nixpkgs",
        "rev": "a799d3e3886da994fa307f817a6bc705ae538eeb",
        "type": "github"
      },
      "original": {
        "owner": "NixOS",
        "ref": "nixos-unstable",
        "repo": "nixpkgs",
        "type": "github"
      }
    },
    "root": {
      "inputs": {
        "nix-prebuilt": "nix-prebuilt",
        "nixpkgs": "nixpkgs"
      }
    }
  },
  "root": "root",
  "version": 7
}
